
Microsoft Visual Studio Solution File, Format Version 12.00
# Visual Studio Version 17
VisualStudioVersion = 17.0.31903.59
MinimumVisualStudioVersion = 10.0.40219.1
Project("{2150E333-8FDC-42A3-9474-1A3956D46DE8}") = "src", "src", "{827E0CD3-B72D-47B6-A68D-7590B98EB39B}"
EndProject
Project("{FAE04EC0-301F-11D3-BF4B-00C04F79EFBC}") = "Api", "src\Api\Api.csproj", "{6CC860BE-30E3-4192-8048-3047C9765579}"
EndProject
Project("{FAE04EC0-301F-11D3-BF4B-00C04F79EFBC}") = "BlazorApp", "src\BlazorApp\BlazorApp.csproj", "{6BAC4C9A-E01D-45FE-B560-CFEFB2F27DB0}"
EndProject
Project("{FAE04EC0-301F-11D3-BF4B-00C04F79EFBC}") = "Application", "src\Application\Application.csproj", "{7CA00CEB-81CC-49AD-94EF-5F5676F6673E}"
EndProject
Project("{FAE04EC0-301F-11D3-BF4B-00C04F79EFBC}") = "Domain", "src\Domain\Domain.csproj", "{964860EE-8D9A-4ECC-A844-126D353476D4}"
EndProject
Project("{FAE04EC0-301F-11D3-BF4B-00C04F79EFBC}") = "Infrastructure", "src\Infrastructure\Infrastructure.csproj", "{D3DF6468-3C77-4CFE-AE2D-81CFF331468A}"
EndProject
Project("{FAE04EC0-301F-11D3-BF4B-00C04F79EFBC}") = "Client", "src\Client\Client.csproj", "{06FCAF33-882D-4DFC-A721-7FF34FF59568}"
EndProject
Project("{2150E333-8FDC-42A3-9474-1A3956D46DE8}") = "tests", "tests", "{0AB3BF05-4346-4AA6-1389-037BE0695223}"
EndProject
Project("{FAE04EC0-301F-11D3-BF4B-00C04F79EFBC}") = "Api.Tests", "tests\Api.Tests\Api.Tests.csproj", "{EC5D5B76-83E8-49DC-A407-E271ADFFC977}"
EndProject
Project("{FAE04EC0-301F-11D3-BF4B-00C04F79EFBC}") = "BlazorApp.Tests", "tests\BlazorApp.Tests\BlazorApp.Tests.csproj", "{C7A1E765-3B0A-4431-A5C1-D58B295D200F}"
EndProject
Project("{FAE04EC0-301F-11D3-BF4B-00C04F79EFBC}") = "Application.Tests", "tests\Application.Tests\Application.Tests.csproj", "{B9C4E3BF-42C7-49CA-9BE9-76AD9EC9D583}"
EndProject
Project("{FAE04EC0-301F-11D3-BF4B-00C04F79EFBC}") = "Domain.Tests", "tests\Domain.Tests\Domain.Tests.csproj", "{34089293-57A6-4F5C-8F8A-8C84BDA5354C}"
EndProject
Project("{FAE04EC0-301F-11D3-BF4B-00C04F79EFBC}") = "Infrastructure.Tests", "tests\Infrastructure.Tests\Infrastructure.Tests.csproj", "{2CFB3E1E-B050-4570-8E41-897FF9EBA7A0}"
EndProject
Project("{FAE04EC0-301F-11D3-BF4B-00C04F79EFBC}") = "Client.Tests", "tests\Client.Tests\Client.Tests.csproj", "{29290BC3-89D7-4F6D-931E-EF165471FC54}"
EndProject
Global
	GlobalSection(SolutionConfigurationPlatforms) = preSolution
		Debug|Any CPU = Debug|Any CPU
		Debug|x64 = Debug|x64
		Debug|x86 = Debug|x86
		Release|Any CPU = Release|Any CPU
		Release|x64 = Release|x64
		Release|x86 = Release|x86
	EndGlobalSection
	GlobalSection(ProjectConfigurationPlatforms) = postSolution
		{6CC860BE-30E3-4192-8048-3047C9765579}.Debug|Any CPU.ActiveCfg = Debug|Any CPU
		{6CC860BE-30E3-4192-8048-3047C9765579}.Debug|Any CPU.Build.0 = Debug|Any CPU
		{6CC860BE-30E3-4192-8048-3047C9765579}.Debug|x64.ActiveCfg = Debug|Any CPU
		{6CC860BE-30E3-4192-8048-3047C9765579}.Debug|x64.Build.0 = Debug|Any CPU
		{6CC860BE-30E3-4192-8048-3047C9765579}.Debug|x86.ActiveCfg = Debug|Any CPU
		{6CC860BE-30E3-4192-8048-3047C9765579}.Debug|x86.Build.0 = Debug|Any CPU
		{6CC860BE-30E3-4192-8048-3047C9765579}.Release|Any CPU.ActiveCfg = Release|Any CPU
		{6CC860BE-30E3-4192-8048-3047C9765579}.Release|Any CPU.Build.0 = Release|Any CPU
		{6CC860BE-30E3-4192-8048-3047C9765579}.Release|x64.ActiveCfg = Release|Any CPU
		{6CC860BE-30E3-4192-8048-3047C9765579}.Release|x64.Build.0 = Release|Any CPU
		{6CC860BE-30E3-4192-8048-3047C9765579}.Release|x86.ActiveCfg = Release|Any CPU
		{6CC860BE-30E3-4192-8048-3047C9765579}.Release|x86.Build.0 = Release|Any CPU
		{6BAC4C9A-E01D-45FE-B560-CFEFB2F27DB0}.Debug|Any CPU.ActiveCfg = Debug|Any CPU
		{6BAC4C9A-E01D-45FE-B560-CFEFB2F27DB0}.Debug|Any CPU.Build.0 = Debug|Any CPU
		{6BAC4C9A-E01D-45FE-B560-CFEFB2F27DB0}.Debug|x64.ActiveCfg = Debug|Any CPU
		{6BAC4C9A-E01D-45FE-B560-CFEFB2F27DB0}.Debug|x64.Build.0 = Debug|Any CPU
		{6BAC4C9A-E01D-45FE-B560-CFEFB2F27DB0}.Debug|x86.ActiveCfg = Debug|Any CPU
		{6BAC4C9A-E01D-45FE-B560-CFEFB2F27DB0}.Debug|x86.Build.0 = Debug|Any CPU
		{6BAC4C9A-E01D-45FE-B560-CFEFB2F27DB0}.Release|Any CPU.ActiveCfg = Release|Any CPU
		{6BAC4C9A-E01D-45FE-B560-CFEFB2F27DB0}.Release|Any CPU.Build.0 = Release|Any CPU
		{6BAC4C9A-E01D-45FE-B560-CFEFB2F27DB0}.Release|x64.ActiveCfg = Release|Any CPU
		{6BAC4C9A-E01D-45FE-B560-CFEFB2F27DB0}.Release|x64.Build.0 = Release|Any CPU
		{6BAC4C9A-E01D-45FE-B560-CFEFB2F27DB0}.Release|x86.ActiveCfg = Release|Any CPU
		{6BAC4C9A-E01D-45FE-B560-CFEFB2F27DB0}.Release|x86.Build.0 = Release|Any CPU
		{7CA00CEB-81CC-49AD-94EF-5F5676F6673E}.Debug|Any CPU.ActiveCfg = Debug|Any CPU
		{7CA00CEB-81CC-49AD-94EF-5F5676F6673E}.Debug|Any CPU.Build.0 = Debug|Any CPU
		{7CA00CEB-81CC-49AD-94EF-5F5676F6673E}.Debug|x64.ActiveCfg = Debug|Any CPU
		{7CA00CEB-81CC-49AD-94EF-5F5676F6673E}.Debug|x64.Build.0 = Debug|Any CPU
		{7CA00CEB-81CC-49AD-94EF-5F5676F6673E}.Debug|x86.ActiveCfg = Debug|Any CPU
		{7CA00CEB-81CC-49AD-94EF-5F5676F6673E}.Debug|x86.Build.0 = Debug|Any CPU
		{7CA00CEB-81CC-49AD-94EF-5F5676F6673E}.Release|Any CPU.ActiveCfg = Release|Any CPU
		{7CA00CEB-81CC-49AD-94EF-5F5676F6673E}.Release|Any CPU.Build.0 = Release|Any CPU
		{7CA00CEB-81CC-49AD-94EF-5F5676F6673E}.Release|x64.ActiveCfg = Release|Any CPU
		{7CA00CEB-81CC-49AD-94EF-5F5676F6673E}.Release|x64.Build.0 = Release|Any CPU
		{7CA00CEB-81CC-49AD-94EF-5F5676F6673E}.Release|x86.ActiveCfg = Release|Any CPU
		{7CA00CEB-81CC-49AD-94EF-5F5676F6673E}.Release|x86.Build.0 = Release|Any CPU
		{964860EE-8D9A-4ECC-A844-126D353476D4}.Debug|Any CPU.ActiveCfg = Debug|Any CPU
		{964860EE-8D9A-4ECC-A844-126D353476D4}.Debug|Any CPU.Build.0 = Debug|Any CPU
		{964860EE-8D9A-4ECC-A844-126D353476D4}.Debug|x64.ActiveCfg = Debug|Any CPU
		{964860EE-8D9A-4ECC-A844-126D353476D4}.Debug|x64.Build.0 = Debug|Any CPU
		{964860EE-8D9A-4ECC-A844-126D353476D4}.Debug|x86.ActiveCfg = Debug|Any CPU
		{964860EE-8D9A-4ECC-A844-126D353476D4}.Debug|x86.Build.0 = Debug|Any CPU
		{964860EE-8D9A-4ECC-A844-126D353476D4}.Release|Any CPU.ActiveCfg = Release|Any CPU
		{964860EE-8D9A-4ECC-A844-126D353476D4}.Release|Any CPU.Build.0 = Release|Any CPU
		{964860EE-8D9A-4ECC-A844-126D353476D4}.Release|x64.ActiveCfg = Release|Any CPU
		{964860EE-8D9A-4ECC-A844-126D353476D4}.Release|x64.Build.0 = Release|Any CPU
		{964860EE-8D9A-4ECC-A844-126D353476D4}.Release|x86.ActiveCfg = Release|Any CPU
		{964860EE-8D9A-4ECC-A844-126D353476D4}.Release|x86.Build.0 = Release|Any CPU
		{D3DF6468-3C77-4CFE-AE2D-81CFF331468A}.Debug|Any CPU.ActiveCfg = Debug|Any CPU
		{D3DF6468-3C77-4CFE-AE2D-81CFF331468A}.Debug|Any CPU.Build.0 = Debug|Any CPU
		{D3DF6468-3C77-4CFE-AE2D-81CFF331468A}.Debug|x64.ActiveCfg = Debug|Any CPU
		{D3DF6468-3C77-4CFE-AE2D-81CFF331468A}.Debug|x64.Build.0 = Debug|Any CPU
		{D3DF6468-3C77-4CFE-AE2D-81CFF331468A}.Debug|x86.ActiveCfg = Debug|Any CPU
		{D3DF6468-3C77-4CFE-AE2D-81CFF331468A}.Debug|x86.Build.0 = Debug|Any CPU
		{D3DF6468-3C77-4CFE-AE2D-81CFF331468A}.Release|Any CPU.ActiveCfg = Release|Any CPU
		{D3DF6468-3C77-4CFE-AE2D-81CFF331468A}.Release|Any CPU.Build.0 = Release|Any CPU
		{D3DF6468-3C77-4CFE-AE2D-81CFF331468A}.Release|x64.ActiveCfg = Release|Any CPU
		{D3DF6468-3C77-4CFE-AE2D-81CFF331468A}.Release|x64.Build.0 = Release|Any CPU
		{D3DF6468-3C77-4CFE-AE2D-81CFF331468A}.Release|x86.ActiveCfg = Release|Any CPU
		{D3DF6468-3C77-4CFE-AE2D-81CFF331468A}.Release|x86.Build.0 = Release|Any CPU
		{06FCAF33-882D-4DFC-A721-7FF34FF59568}.Debug|Any CPU.ActiveCfg = Debug|Any CPU
		{06FCAF33-882D-4DFC-A721-7FF34FF59568}.Debug|Any CPU.Build.0 = Debug|Any CPU
		{06FCAF33-882D-4DFC-A721-7FF34FF59568}.Debug|x64.ActiveCfg = Debug|Any CPU
		{06FCAF33-882D-4DFC-A721-7FF34FF59568}.Debug|x64.Build.0 = Debug|Any CPU
		{06FCAF33-882D-4DFC-A721-7FF34FF59568}.Debug|x86.ActiveCfg = Debug|Any CPU
		{06FCAF33-882D-4DFC-A721-7FF34FF59568}.Debug|x86.Build.0 = Debug|Any CPU
		{06FCAF33-882D-4DFC-A721-7FF34FF59568}.Release|Any CPU.ActiveCfg = Release|Any CPU
		{06FCAF33-882D-4DFC-A721-7FF34FF59568}.Release|Any CPU.Build.0 = Release|Any CPU
		{06FCAF33-882D-4DFC-A721-7FF34FF59568}.Release|x64.ActiveCfg = Release|Any CPU
		{06FCAF33-882D-4DFC-A721-7FF34FF59568}.Release|x64.Build.0 = Release|Any CPU
		{06FCAF33-882D-4DFC-A721-7FF34FF59568}.Release|x86.ActiveCfg = Release|Any CPU
		{06FCAF33-882D-4DFC-A721-7FF34FF59568}.Release|x86.Build.0 = Release|Any CPU
		{EC5D5B76-83E8-49DC-A407-E271ADFFC977}.Debug|Any CPU.ActiveCfg = Debug|Any CPU
		{EC5D5B76-83E8-49DC-A407-E271ADFFC977}.Debug|Any CPU.Build.0 = Debug|Any CPU
		{EC5D5B76-83E8-49DC-A407-E271ADFFC977}.Debug|x64.ActiveCfg = Debug|Any CPU
		{EC5D5B76-83E8-49DC-A407-E271ADFFC977}.Debug|x64.Build.0 = Debug|Any CPU
		{EC5D5B76-83E8-49DC-A407-E271ADFFC977}.Debug|x86.ActiveCfg = Debug|Any CPU
		{EC5D5B76-83E8-49DC-A407-E271ADFFC977}.Debug|x86.Build.0 = Debug|Any CPU
		{EC5D5B76-83E8-49DC-A407-E271ADFFC977}.Release|Any CPU.ActiveCfg = Release|Any CPU
		{EC5D5B76-83E8-49DC-A407-E271ADFFC977}.Release|Any CPU.Build.0 = Release|Any CPU
		{EC5D5B76-83E8-49DC-A407-E271ADFFC977}.Release|x64.ActiveCfg = Release|Any CPU
		{EC5D5B76-83E8-49DC-A407-E271ADFFC977}.Release|x64.Build.0 = Release|Any CPU
		{EC5D5B76-83E8-49DC-A407-E271ADFFC977}.Release|x86.ActiveCfg = Release|Any CPU
		{EC5D5B76-83E8-49DC-A407-E271ADFFC977}.Release|x86.Build.0 = Release|Any CPU
		{C7A1E765-3B0A-4431-A5C1-D58B295D200F}.Debug|Any CPU.ActiveCfg = Debug|Any CPU
		{C7A1E765-3B0A-4431-A5C1-D58B295D200F}.Debug|Any CPU.Build.0 = Debug|Any CPU
		{C7A1E765-3B0A-4431-A5C1-D58B295D200F}.Debug|x64.ActiveCfg = Debug|Any CPU
		{C7A1E765-3B0A-4431-A5C1-D58B295D200F}.Debug|x64.Build.0 = Debug|Any CPU
		{C7A1E765-3B0A-4431-A5C1-D58B295D200F}.Debug|x86.ActiveCfg = Debug|Any CPU
		{C7A1E765-3B0A-4431-A5C1-D58B295D200F}.Debug|x86.Build.0 = Debug|Any CPU
		{C7A1E765-3B0A-4431-A5C1-D58B295D200F}.Release|Any CPU.ActiveCfg = Release|Any CPU
		{C7A1E765-3B0A-4431-A5C1-D58B295D200F}.Release|Any CPU.Build.0 = Release|Any CPU
		{C7A1E765-3B0A-4431-A5C1-D58B295D200F}.Release|x64.ActiveCfg = Release|Any CPU
		{C7A1E765-3B0A-4431-A5C1-D58B295D200F}.Release|x64.Build.0 = Release|Any CPU
		{C7A1E765-3B0A-4431-A5C1-D58B295D200F}.Release|x86.ActiveCfg = Release|Any CPU
		{C7A1E765-3B0A-4431-A5C1-D58B295D200F}.Release|x86.Build.0 = Release|Any CPU
		{B9C4E3BF-42C7-49CA-9BE9-76AD9EC9D583}.Debug|Any CPU.ActiveCfg = Debug|Any CPU
		{B9C4E3BF-42C7-49CA-9BE9-76AD9EC9D583}.Debug|Any CPU.Build.0 = Debug|Any CPU
		{B9C4E3BF-42C7-49CA-9BE9-76AD9EC9D583}.Debug|x64.ActiveCfg = Debug|Any CPU
		{B9C4E3BF-42C7-49CA-9BE9-76AD9EC9D583}.Debug|x64.Build.0 = Debug|Any CPU
		{B9C4E3BF-42C7-49CA-9BE9-76AD9EC9D583}.Debug|x86.ActiveCfg = Debug|Any CPU
		{B9C4E3BF-42C7-49CA-9BE9-76AD9EC9D583}.Debug|x86.Build.0 = Debug|Any CPU
		{B9C4E3BF-42C7-49CA-9BE9-76AD9EC9D583}.Release|Any CPU.ActiveCfg = Release|Any CPU
		{B9C4E3BF-42C7-49CA-9BE9-76AD9EC9D583}.Release|Any CPU.Build.0 = Release|Any CPU
		{B9C4E3BF-42C7-49CA-9BE9-76AD9EC9D583}.Release|x64.ActiveCfg = Release|Any CPU
		{B9C4E3BF-42C7-49CA-9BE9-76AD9EC9D583}.Release|x64.Build.0 = Release|Any CPU
		{B9C4E3BF-42C7-49CA-9BE9-76AD9EC9D583}.Release|x86.ActiveCfg = Release|Any CPU
		{B9C4E3BF-42C7-49CA-9BE9-76AD9EC9D583}.Release|x86.Build.0 = Release|Any CPU
		{34089293-57A6-4F5C-8F8A-8C84BDA5354C}.Debug|Any CPU.ActiveCfg = Debug|Any CPU
		{34089293-57A6-4F5C-8F8A-8C84BDA5354C}.Debug|Any CPU.Build.0 = Debug|Any CPU
		{34089293-57A6-4F5C-8F8A-8C84BDA5354C}.Debug|x64.ActiveCfg = Debug|Any CPU
		{34089293-57A6-4F5C-8F8A-8C84BDA5354C}.Debug|x64.Build.0 = Debug|Any CPU
		{34089293-57A6-4F5C-8F8A-8C84BDA5354C}.Debug|x86.ActiveCfg = Debug|Any CPU
		{34089293-57A6-4F5C-8F8A-8C84BDA5354C}.Debug|x86.Build.0 = Debug|Any CPU
		{34089293-57A6-4F5C-8F8A-8C84BDA5354C}.Release|Any CPU.ActiveCfg = Release|Any CPU
		{34089293-57A6-4F5C-8F8A-8C84BDA5354C}.Release|Any CPU.Build.0 = Release|Any CPU
		{34089293-57A6-4F5C-8F8A-8C84BDA5354C}.Release|x64.ActiveCfg = Release|Any CPU
		{34089293-57A6-4F5C-8F8A-8C84BDA5354C}.Release|x64.Build.0 = Release|Any CPU
		{34089293-57A6-4F5C-8F8A-8C84BDA5354C}.Release|x86.ActiveCfg = Release|Any CPU
		{34089293-57A6-4F5C-8F8A-8C84BDA5354C}.Release|x86.Build.0 = Release|Any CPU
		{2CFB3E1E-B050-4570-8E41-897FF9EBA7A0}.Debug|Any CPU.ActiveCfg = Debug|Any CPU
		{2CFB3E1E-B050-4570-8E41-897FF9EBA7A0}.Debug|Any CPU.Build.0 = Debug|Any CPU
		{2CFB3E1E-B050-4570-8E41-897FF9EBA7A0}.Debug|x64.ActiveCfg = Debug|Any CPU
		{2CFB3E1E-B050-4570-8E41-897FF9EBA7A0}.Debug|x64.Build.0 = Debug|Any CPU
		{2CFB3E1E-B050-4570-8E41-897FF9EBA7A0}.Debug|x86.ActiveCfg = Debug|Any CPU
		{2CFB3E1E-B050-4570-8E41-897FF9EBA7A0}.Debug|x86.Build.0 = Debug|Any CPU
		{2CFB3E1E-B050-4570-8E41-897FF9EBA7A0}.Release|Any CPU.ActiveCfg = Release|Any CPU
		{2CFB3E1E-B050-4570-8E41-897FF9EBA7A0}.Release|Any CPU.Build.0 = Release|Any CPU
		{2CFB3E1E-B050-4570-8E41-897FF9EBA7A0}.Release|x64.ActiveCfg = Release|Any CPU
		{2CFB3E1E-B050-4570-8E41-897FF9EBA7A0}.Release|x64.Build.0 = Release|Any CPU
		{2CFB3E1E-B050-4570-8E41-897FF9EBA7A0}.Release|x86.ActiveCfg = Release|Any CPU
		{2CFB3E1E-B050-4570-8E41-897FF9EBA7A0}.Release|x86.Build.0 = Release|Any CPU
		{29290BC3-89D7-4F6D-931E-EF165471FC54}.Debug|Any CPU.ActiveCfg = Debug|Any CPU
		{29290BC3-89D7-4F6D-931E-EF165471FC54}.Debug|Any CPU.Build.0 = Debug|Any CPU
		{29290BC3-89D7-4F6D-931E-EF165471FC54}.Debug|x64.ActiveCfg = Debug|Any CPU
		{29290BC3-89D7-4F6D-931E-EF165471FC54}.Debug|x64.Build.0 = Debug|Any CPU
		{29290BC3-89D7-4F6D-931E-EF165471FC54}.Debug|x86.ActiveCfg = Debug|Any CPU
		{29290BC3-89D7-4F6D-931E-EF165471FC54}.Debug|x86.Build.0 = Debug|Any CPU
		{29290BC3-89D7-4F6D-931E-EF165471FC54}.Release|Any CPU.ActiveCfg = Release|Any CPU
		{29290BC3-89D7-4F6D-931E-EF165471FC54}.Release|Any CPU.Build.0 = Release|Any CPU
		{29290BC3-89D7-4F6D-931E-EF165471FC54}.Release|x64.ActiveCfg = Release|Any CPU
		{29290BC3-89D7-4F6D-931E-EF165471FC54}.Release|x64.Build.0 = Release|Any CPU
		{29290BC3-89D7-4F6D-931E-EF165471FC54}.Release|x86.ActiveCfg = Release|Any CPU
		{29290BC3-89D7-4F6D-931E-EF165471FC54}.Release|x86.Build.0 = Release|Any CPU
	EndGlobalSection
	GlobalSection(SolutionProperties) = preSolution
		HideSolutionNode = FALSE
	EndGlobalSection
	GlobalSection(NestedProjects) = preSolution
		{6CC860BE-30E3-4192-8048-3047C9765579} = {827E0CD3-B72D-47B6-A68D-7590B98EB39B}
		{6BAC4C9A-E01D-45FE-B560-CFEFB2F27DB0} = {827E0CD3-B72D-47B6-A68D-7590B98EB39B}
		{7CA00CEB-81CC-49AD-94EF-5F5676F6673E} = {827E0CD3-B72D-47B6-A68D-7590B98EB39B}
		{964860EE-8D9A-4ECC-A844-126D353476D4} = {827E0CD3-B72D-47B6-A68D-7590B98EB39B}
		{D3DF6468-3C77-4CFE-AE2D-81CFF331468A} = {827E0CD3-B72D-47B6-A68D-7590B98EB39B}
		{06FCAF33-882D-4DFC-A721-7FF34FF59568} = {827E0CD3-B72D-47B6-A68D-7590B98EB39B}
		{EC5D5B76-83E8-49DC-A407-E271ADFFC977} = {0AB3BF05-4346-4AA6-1389-037BE0695223}
		{C7A1E765-3B0A-4431-A5C1-D58B295D200F} = {0AB3BF05-4346-4AA6-1389-037BE0695223}
		{B9C4E3BF-42C7-49CA-9BE9-76AD9EC9D583} = {0AB3BF05-4346-4AA6-1389-037BE0695223}
		{34089293-57A6-4F5C-8F8A-8C84BDA5354C} = {0AB3BF05-4346-4AA6-1389-037BE0695223}
		{2CFB3E1E-B050-4570-8E41-897FF9EBA7A0} = {0AB3BF05-4346-4AA6-1389-037BE0695223}
		{29290BC3-89D7-4F6D-931E-EF165471FC54} = {0AB3BF05-4346-4AA6-1389-037BE0695223}
	EndGlobalSection
EndGlobal
